
Microsoft Visual Studio Solution File, Format Version 12.00
# Visual Studio Version 17
VisualStudioVersion = 17.8.34316.72
MinimumVisualStudioVersion = 10.0.40219.1
Project("{FAE04EC0-301F-11D3-BF4B-00C04F79EFBC}") = "AdoConnectedDemo", "AdoConnectedDemo\AdoConnectedDemo.csproj", "{1FB84061-A76F-4D28-AD83-9C4FF12D06F7}"
	ProjectSection(ProjectDependencies) = postProject
		{C499051B-99E1-4572-B94A-A1B8F50A8335} = {C499051B-99E1-4572-B94A-A1B8F50A8335}
	EndProjectSection
EndProject
Project("{FAE04EC0-301F-11D3-BF4B-00C04F79EFBC}") = "HR_DataAccessLogic_Connected_Libary", "HR_DataAccessLogic_Connected_Libary\HR_DataAccessLogic_Connected_Libary.csproj", "{C499051B-99E1-4572-B94A-A1B8F50A8335}"
EndProject
Global
	GlobalSection(SolutionConfigurationPlatforms) = preSolution
		Debug|Any CPU = Debug|Any CPU
		Release|Any CPU = Release|Any CPU
	EndGlobalSection
	GlobalSection(ProjectConfigurationPlatforms) = postSolution
		{1FB84061-A76F-4D28-AD83-9C4FF12D06F7}.Debug|Any CPU.ActiveCfg = Debug|Any CPU
		{1FB84061-A76F-4D28-AD83-9C4FF12D06F7}.Debug|Any CPU.Build.0 = Debug|Any CPU
		{1FB84061-A76F-4D28-AD83-9C4FF12D06F7}.Release|Any CPU.ActiveCfg = Release|Any CPU
		{1FB84061-A76F-4D28-AD83-9C4FF12D06F7}.Release|Any CPU.Build.0 = Release|Any CPU
		{C499051B-99E1-4572-B94A-A1B8F50A8335}.Debug|Any CPU.ActiveCfg = Debug|Any CPU
		{C499051B-99E1-4572-B94A-A1B8F50A8335}.Debug|Any CPU.Build.0 = Debug|Any CPU
		{C499051B-99E1-4572-B94A-A1B8F50A8335}.Release|Any CPU.ActiveCfg = Release|Any CPU
		{C499051B-99E1-4572-B94A-A1B8F50A8335}.Release|Any CPU.Build.0 = Release|Any CPU
	EndGlobalSection
	GlobalSection(SolutionProperties) = preSolution
		HideSolutionNode = FALSE
	EndGlobalSection
	GlobalSection(ExtensibilityGlobals) = postSolution
		SolutionGuid = {4D8269C4-BC28-4011-8900-180E98BEE464}
	EndGlobalSection
EndGlobal
